// !$*UTF8*$!
{
	archiveVersion = 1;
	classes = {
	};
	objectVersion = 50;
	objects = {

/* Begin PBXBuildFile section */
		68521E14254DD19200EB2AAC /* UIColor.swift in Sources */ = {isa = PBXBuildFile; fileRef = 68521E13254DD19200EB2AAC /* UIColor.swift */; };
		68CB256B254C4C570014048C /* AppDelegate.swift in Sources */ = {isa = PBXBuildFile; fileRef = 68CB256A254C4C570014048C /* AppDelegate.swift */; };
		68CB256D254C4C570014048C /* SceneDelegate.swift in Sources */ = {isa = PBXBuildFile; fileRef = 68CB256C254C4C570014048C /* SceneDelegate.swift */; };
		68CB256F254C4C570014048C /* StartViewController.swift in Sources */ = {isa = PBXBuildFile; fileRef = 68CB256E254C4C570014048C /* StartViewController.swift */; };
		68CB2572254C4C570014048C /* Main.storyboard in Resources */ = {isa = PBXBuildFile; fileRef = 68CB2570254C4C570014048C /* Main.storyboard */; };
		68CB2574254C4C590014048C /* Assets.xcassets in Resources */ = {isa = PBXBuildFile; fileRef = 68CB2573254C4C590014048C /* Assets.xcassets */; };
		68CB2577254C4C590014048C /* LaunchScreen.storyboard in Resources */ = {isa = PBXBuildFile; fileRef = 68CB2575254C4C590014048C /* LaunchScreen.storyboard */; };
		68CB2580254C94280014048C /* ColorSettingViewController.swift in Sources */ = {isa = PBXBuildFile; fileRef = 68CB257F254C94280014048C /* ColorSettingViewController.swift */; };
/* End PBXBuildFile section */

/* Begin PBXFileReference section */
		68521E13254DD19200EB2AAC /* UIColor.swift */ = {isa = PBXFileReference; lastKnownFileType = sourcecode.swift; path = UIColor.swift; sourceTree = "<group>"; };
		68CB2567254C4C570014048C /* 6thHM.app */ = {isa = PBXFileReference; explicitFileType = wrapper.application; includeInIndex = 0; path = 6thHM.app; sourceTree = BUILT_PRODUCTS_DIR; };
		68CB256A254C4C570014048C /* AppDelegate.swift */ = {isa = PBXFileReference; lastKnownFileType = sourcecode.swift; path = AppDelegate.swift; sourceTree = "<group>"; };
		68CB256C254C4C570014048C /* SceneDelegate.swift */ = {isa = PBXFileReference; lastKnownFileType = sourcecode.swift; path = SceneDelegate.swift; sourceTree = "<group>"; };
		68CB256E254C4C570014048C /* StartViewController.swift */ = {isa = PBXFileReference; lastKnownFileType = sourcecode.swift; path = StartViewController.swift; sourceTree = "<group>"; };
		68CB2571254C4C570014048C /* Base */ = {isa = PBXFileReference; lastKnownFileType = file.storyboard; name = Base; path = Base.lproj/Main.storyboard; sourceTree = "<group>"; };
		68CB2573254C4C590014048C /* Assets.xcassets */ = {isa = PBXFileReference; lastKnownFileType = folder.assetcatalog; path = Assets.xcassets; sourceTree = "<group>"; };
		68CB2576254C4C590014048C /* Base */ = {isa = PBXFileReference; lastKnownFileType = file.storyboard; name = Base; path = Base.lproj/LaunchScreen.storyboard; sourceTree = "<group>"; };
		68CB2578254C4C590014048C /* Info.plist */ = {isa = PBXFileReference; lastKnownFileType = text.plist.xml; path = Info.plist; sourceTree = "<group>"; };
		68CB257F254C94280014048C /* ColorSettingViewController.swift */ = {isa = PBXFileReference; lastKnownFileType = sourcecode.swift; path = ColorSettingViewController.swift; sourceTree = "<group>"; };
/* End PBXFileReference section */

/* Begin PBXFrameworksBuildPhase section */
		68CB2564254C4C570014048C /* Frameworks */ = {
			isa = PBXFrameworksBuildPhase;
			buildActionMask = 2147483647;
			files = (
			);
			runOnlyForDeploymentPostprocessing = 0;
		};
/* End PBXFrameworksBuildPhase section */

/* Begin PBXGroup section */
		68521E16254DD30900EB2AAC /* Extensions */ = {
			isa = PBXGroup;
			children = (
				68521E13254DD19200EB2AAC /* UIColor.swift */,
			);
			path = Extensions;
			sourceTree = "<group>";
		};
		68521E18254DD35C00EB2AAC /* Storyboards */ = {
			isa = PBXGroup;
			children = (
				68CB2570254C4C570014048C /* Main.storyboard */,
				68CB2575254C4C590014048C /* LaunchScreen.storyboard */,
			);
			path = Storyboards;
			sourceTree = "<group>";
		};
		68521E19254DD37400EB2AAC /* SupportingFiles */ = {
			isa = PBXGroup;
			children = (
				68CB256A254C4C570014048C /* AppDelegate.swift */,
				68CB256C254C4C570014048C /* SceneDelegate.swift */,
				68CB2578254C4C590014048C /* Info.plist */,
			);
			path = SupportingFiles;
			sourceTree = "<group>";
		};
		68521E1C254DD71D00EB2AAC /* Sources */ = {
			isa = PBXGroup;
			children = (
				68CB2573254C4C590014048C /* Assets.xcassets */,
			);
			path = Sources;
			sourceTree = "<group>";
		};
		68CB255E254C4C570014048C = {
			isa = PBXGroup;
			children = (
				68CB2569254C4C570014048C /* 6thHM */,
				68CB2568254C4C570014048C /* Products */,
			);
			sourceTree = "<group>";
		};
		68CB2568254C4C570014048C /* Products */ = {
			isa = PBXGroup;
			children = (
				68CB2567254C4C570014048C /* 6thHM.app */,
			);
			name = Products;
			sourceTree = "<group>";
		};
		68CB2569254C4C570014048C /* 6thHM */ = {
			isa = PBXGroup;
			children = (
				68CB2582254C94380014048C /* ViewControllers */,
				68521E18254DD35C00EB2AAC /* Storyboards */,
				68521E16254DD30900EB2AAC /* Extensions */,
				68521E19254DD37400EB2AAC /* SupportingFiles */,
				68521E1C254DD71D00EB2AAC /* Sources */,
			);
			path = 6thHM;
			sourceTree = "<group>";
		};
		68CB2582254C94380014048C /* ViewControllers */ = {
			isa = PBXGroup;
			children = (
				68CB256E254C4C570014048C /* StartViewController.swift */,
				68CB257F254C94280014048C /* ColorSettingViewController.swift */,
			);
			path = ViewControllers;
			sourceTree = "<group>";
		};
/* End PBXGroup section */

/* Begin PBXNativeTarget section */
		68CB2566254C4C570014048C /* 6thHM */ = {
			isa = PBXNativeTarget;
			buildConfigurationList = 68CB257B254C4C590014048C /* Build configuration list for PBXNativeTarget "6thHM" */;
			buildPhases = (
				68CB2563254C4C570014048C /* Sources */,
				68CB2564254C4C570014048C /* Frameworks */,
				68CB2565254C4C570014048C /* Resources */,
			);
			buildRules = (
			);
			dependencies = (
			);
			name = 6thHM;
			productName = 6thHM;
			productReference = 68CB2567254C4C570014048C /* 6thHM.app */;
			productType = "com.apple.product-type.application";
		};
/* End PBXNativeTarget section */

/* Begin PBXProject section */
		68CB255F254C4C570014048C /* Project object */ = {
			isa = PBXProject;
			attributes = {
				LastSwiftUpdateCheck = 1210;
				LastUpgradeCheck = 1210;
				TargetAttributes = {
					68CB2566254C4C570014048C = {
						CreatedOnToolsVersion = 12.1;
					};
				};
			};
			buildConfigurationList = 68CB2562254C4C570014048C /* Build configuration list for PBXProject "6thHM" */;
			compatibilityVersion = "Xcode 9.3";
			developmentRegion = en;
			hasScannedForEncodings = 0;
			knownRegions = (
				en,
				Base,
			);
			mainGroup = 68CB255E254C4C570014048C;
			productRefGroup = 68CB2568254C4C570014048C /* Products */;
			projectDirPath = "";
			projectRoot = "";
			targets = (
				68CB2566254C4C570014048C /* 6thHM */,
			);
		};
/* End PBXProject section */

/* Begin PBXResourcesBuildPhase section */
		68CB2565254C4C570014048C /* Resources */ = {
			isa = PBXResourcesBuildPhase;
			buildActionMask = 2147483647;
			files = (
				68CB2577254C4C590014048C /* LaunchScreen.storyboard in Resources */,
				68CB2574254C4C590014048C /* Assets.xcassets in Resources */,
				68CB2572254C4C570014048C /* Main.storyboard in Resources */,
			);
			runOnlyForDeploymentPostprocessing = 0;
		};
/* End PBXResourcesBuildPhase section */

/* Begin PBXSourcesBuildPhase section */
		68CB2563254C4C570014048C /* Sources */ = {
			isa = PBXSourcesBuildPhase;
			buildActionMask = 2147483647;
			files = (
				68CB256F254C4C570014048C /* StartViewController.swift in Sources */,
				68521E14254DD19200EB2AAC /* UIColor.swift in Sources */,
				68CB256B254C4C570014048C /* AppDelegate.swift in Sources */,
				68CB2580254C94280014048C /* ColorSettingViewController.swift in Sources */,
				68CB256D254C4C570014048C /* SceneDelegate.swift in Sources */,
			);
			runOnlyForDeploymentPostprocessing = 0;
		};
/* End PBXSourcesBuildPhase section */

/* Begin PBXVariantGroup section */
		68CB2570254C4C570014048C /* Main.storyboard */ = {
			isa = PBXVariantGroup;
			children = (
				68CB2571254C4C570014048C /* Base */,
			);
			name = Main.storyboard;
			sourceTree = "<group>";
		};
		68CB2575254C4C590014048C /* LaunchScreen.storyboard */ = {
			isa = PBXVariantGroup;
			children = (
				68CB2576254C4C590014048C /* Base */,
			);
			name = LaunchScreen.storyboard;
			sourceTree = "<group>";
		};
/* End PBXVariantGroup section */

/* Begin XCBuildConfiguration section */
		68CB2579254C4C590014048C /* Debug */ = {
			isa = XCBuildConfiguration;
			buildSettings = {
				ALWAYS_SEARCH_USER_PATHS = NO;
				CLANG_ANALYZER_NONNULL = YES;
				CLANG_ANALYZER_NUMBER_OBJECT_CONVERSION = YES_AGGRESSIVE;
				CLANG_CXX_LANGUAGE_STANDARD = "gnu++14";
				CLANG_CXX_LIBRARY = "libc++";
				CLANG_ENABLE_MODULES = YES;
				CLANG_ENABLE_OBJC_ARC = YES;
				CLANG_ENABLE_OBJC_WEAK = YES;
				CLANG_WARN_BLOCK_CAPTURE_AUTORELEASING = YES;
				CLANG_WARN_BOOL_CONVERSION = YES;
				CLANG_WARN_COMMA = YES;
				CLANG_WARN_CONSTANT_CONVERSION = YES;
				CLANG_WARN_DEPRECATED_OBJC_IMPLEMENTATIONS = YES;
				CLANG_WARN_DIRECT_OBJC_ISA_USAGE = YES_ERROR;
				CLANG_WARN_DOCUMENTATION_COMMENTS = YES;
				CLANG_WARN_EMPTY_BODY = YES;
				CLANG_WARN_ENUM_CONVERSION = YES;
				CLANG_WARN_INFINITE_RECURSION = YES;
				CLANG_WARN_INT_CONVERSION = YES;
				CLANG_WARN_NON_LITERAL_NULL_CONVERSION = YES;
				CLANG_WARN_OBJC_IMPLICIT_RETAIN_SELF = YES;
				CLANG_WARN_OBJC_LITERAL_CONVERSION = YES;
				CLANG_WARN_OBJC_ROOT_CLASS = YES_ERROR;
				CLANG_WARN_QUOTED_INCLUDE_IN_FRAMEWORK_HEADER = YES;
				CLANG_WARN_RANGE_LOOP_ANALYSIS = YES;
				CLANG_WARN_STRICT_PROTOTYPES = YES;
				CLANG_WARN_SUSPICIOUS_MOVE = YES;
				CLANG_WARN_UNGUARDED_AVAILABILITY = YES_AGGRESSIVE;
				CLANG_WARN_UNREACHABLE_CODE = YES;
				CLANG_WARN__DUPLICATE_METHOD_MATCH = YES;
				COPY_PHASE_STRIP = NO;
				DEBUG_INFORMATION_FORMAT = dwarf;
				ENABLE_STRICT_OBJC_MSGSEND = YES;
				ENABLE_TESTABILITY = YES;
				GCC_C_LANGUAGE_STANDARD = gnu11;
				GCC_DYNAMIC_NO_PIC = NO;
				GCC_NO_COMMON_BLOCKS = YES;
				GCC_OPTIMIZATION_LEVEL = 0;
				GCC_PREPROCESSOR_DEFINITIONS = (
					"DEBUG=1",
					"$(inherited)",
				);
				GCC_WARN_64_TO_32_BIT_CONVERSION = YES;
				GCC_WARN_ABOUT_RETURN_TYPE = YES_ERROR;
				GCC_WARN_UNDECLARED_SELECTOR = YES;
				GCC_WARN_UNINITIALIZED_AUTOS = YES_AGGRESSIVE;
				GCC_WARN_UNUSED_FUNCTION = YES;
				GCC_WARN_UNUSED_VARIABLE = YES;
				IPHONEOS_DEPLOYMENT_TARGET = 14.1;
				MTL_ENABLE_DEBUG_INFO = INCLUDE_SOURCE;
				MTL_FAST_MATH = YES;
				ONLY_ACTIVE_ARCH = YES;
				SDKROOT = iphoneos;
				SWIFT_ACTIVE_COMPILATION_CONDITIONS = DEBUG;
				SWIFT_OPTIMIZATION_LEVEL = "-Onone";
			};
			name = Debug;
		};
		68CB257A254C4C590014048C /* Release */ = {
			isa = XCBuildConfiguration;
			buildSettings = {
				ALWAYS_SEARCH_USER_PATHS = NO;
				CLANG_ANALYZER_NONNULL = YES;
				CLANG_ANALYZER_NUMBER_OBJECT_CONVERSION = YES_AGGRESSIVE;
				CLANG_CXX_LANGUAGE_STANDARD = "gnu++14";
				CLANG_CXX_LIBRARY = "libc++";
				CLANG_ENABLE_MODULES = YES;
				CLANG_ENABLE_OBJC_ARC = YES;
				CLANG_ENABLE_OBJC_WEAK = YES;
				CLANG_WARN_BLOCK_CAPTURE_AUTORELEASING = YES;
				CLANG_WARN_BOOL_CONVERSION = YES;
				CLANG_WARN_COMMA = YES;
				CLANG_WARN_CONSTANT_CONVERSION = YES;
				CLANG_WARN_DEPRECATED_OBJC_IMPLEMENTATIONS = YES;
				CLANG_WARN_DIRECT_OBJC_ISA_USAGE = YES_ERROR;
				CLANG_WARN_DOCUMENTATION_COMMENTS = YES;
				CLANG_WARN_EMPTY_BODY = YES;
				CLANG_WARN_ENUM_CONVERSION = YES;
				CLANG_WARN_INFINITE_RECURSION = YES;
				CLANG_WARN_INT_CONVERSION = YES;
				CLANG_WARN_NON_LITERAL_NULL_CONVERSION = YES;
				CLANG_WARN_OBJC_IMPLICIT_RETAIN_SELF = YES;
				CLANG_WARN_OBJC_LITERAL_CONVERSION = YES;
				CLANG_WARN_OBJC_ROOT_CLASS = YES_ERROR;
				CLANG_WARN_QUOTED_INCLUDE_IN_FRAMEWORK_HEADER = YES;
				CLANG_WARN_RANGE_LOOP_ANALYSIS = YES;
				CLANG_WARN_STRICT_PROTOTYPES = YES;
				CLANG_WARN_SUSPICIOUS_MOVE = YES;
				CLANG_WARN_UNGUARDED_AVAILABILITY = YES_AGGRESSIVE;
				CLANG_WARN_UNREACHABLE_CODE = YES;
				CLANG_WARN__DUPLICATE_METHOD_MATCH = YES;
				COPY_PHASE_STRIP = NO;
				DEBUG_INFORMATION_FORMAT = "dwarf-with-dsym";
				ENABLE_NS_ASSERTIONS = NO;
				ENABLE_STRICT_OBJC_MSGSEND = YES;
				GCC_C_LANGUAGE_STANDARD = gnu11;
				GCC_NO_COMMON_BLOCKS = YES;
				GCC_WARN_64_TO_32_BIT_CONVERSION = YES;
				GCC_WARN_ABOUT_RETURN_TYPE = YES_ERROR;
				GCC_WARN_UNDECLARED_SELECTOR = YES;
				GCC_WARN_UNINITIALIZED_AUTOS = YES_AGGRESSIVE;
				GCC_WARN_UNUSED_FUNCTION = YES;
				GCC_WARN_UNUSED_VARIABLE = YES;
				IPHONEOS_DEPLOYMENT_TARGET = 14.1;
				MTL_ENABLE_DEBUG_INFO = NO;
				MTL_FAST_MATH = YES;
				SDKROOT = iphoneos;
				SWIFT_COMPILATION_MODE = wholemodule;
				SWIFT_OPTIMIZATION_LEVEL = "-O";
				VALIDATE_PRODUCT = YES;
			};
			name = Release;
		};
		68CB257C254C4C590014048C /* Debug */ = {
			isa = XCBuildConfiguration;
			buildSettings = {
				ASSETCATALOG_COMPILER_APPICON_NAME = AppIcon;
				ASSETCATALOG_COMPILER_GLOBAL_ACCENT_COLOR_NAME = AccentColor;
				CODE_SIGN_STYLE = Automatic;
				DEVELOPMENT_TEAM = 7769A574Q6;
				INFOPLIST_FILE = 6thHM/SupportingFiles/Info.plist;
				LD_RUNPATH_SEARCH_PATHS = (
					"$(inherited)",
					"@executable_path/Frameworks",
				);
				PRODUCT_BUNDLE_IDENTIFIER = "test.-thHM";
				PRODUCT_NAME = "$(TARGET_NAME)";
				SWIFT_VERSION = 5.0;
				TARGETED_DEVICE_FAMILY = "1,2";
			};
			name = Debug;
		};
		68CB257D254C4C590014048C /* Release */ = {
			isa = XCBuildConfiguration;
			buildSettings = {
				ASSETCATALOG_COMPILER_APPICON_NAME = AppIcon;
				ASSETCATALOG_COMPILER_GLOBAL_ACCENT_COLOR_NAME = AccentColor;
				CODE_SIGN_STYLE = Automatic;
				DEVELOPMENT_TEAM = 7769A574Q6;
				INFOPLIST_FILE = 6thHM/SupportingFiles/Info.plist;
				LD_RUNPATH_SEARCH_PATHS = (
					"$(inherited)",
					"@executable_path/Frameworks",
				);
				PRODUCT_BUNDLE_IDENTIFIER = "test.-thHM";
				PRODUCT_NAME = "$(TARGET_NAME)";
				SWIFT_VERSION = 5.0;
				TARGETED_DEVICE_FAMILY = "1,2";
			};
			name = Release;
		};
/* End XCBuildConfiguration section */

/* Begin XCConfigurationList section */
		68CB2562254C4C570014048C /* Build configuration list for PBXProject "6thHM" */ = {
			isa = XCConfigurationList;
			buildConfigurations = (
				68CB2579254C4C590014048C /* Debug */,
				68CB257A254C4C590014048C /* Release */,
			);
			defaultConfigurationIsVisible = 0;
			defaultConfigurationName = Release;
		};
		68CB257B254C4C590014048C /* Build configuration list for PBXNativeTarget "6thHM" */ = {
			isa = XCConfigurationList;
			buildConfigurations = (
				68CB257C254C4C590014048C /* Debug */,
				68CB257D254C4C590014048C /* Release */,
			);
			defaultConfigurationIsVisible = 0;
			defaultConfigurationName = Release;
		};
/* End XCConfigurationList section */
	};
	rootObject = 68CB255F254C4C570014048C /* Project object */;
}
